// !$*UTF8*$!
{
	archiveVersion = 1;
	classes = {
	};
	objectVersion = 50;
	objects = {

/* Begin PBXBuildFile section */
		B2019CEE259A2B2E00CCFD64 /* AppDelegate.swift in Sources */ = {isa = PBXBuildFile; fileRef = B2019CED259A2B2E00CCFD64 /* AppDelegate.swift */; };
		B2019CF0259A2B2E00CCFD64 /* SceneDelegate.swift in Sources */ = {isa = PBXBuildFile; fileRef = B2019CEF259A2B2E00CCFD64 /* SceneDelegate.swift */; };
		B2019CF5259A2B2E00CCFD64 /* Main.storyboard in Resources */ = {isa = PBXBuildFile; fileRef = B2019CF3259A2B2E00CCFD64 /* Main.storyboard */; };
		B2019CF8259A2B2E00CCFD64 /* WeatherWear.xcdatamodeld in Sources */ = {isa = PBXBuildFile; fileRef = B2019CF6259A2B2E00CCFD64 /* WeatherWear.xcdatamodeld */; };
		B2019CFA259A2B2F00CCFD64 /* Assets.xcassets in Resources */ = {isa = PBXBuildFile; fileRef = B2019CF9259A2B2F00CCFD64 /* Assets.xcassets */; };
		B2019CFD259A2B2F00CCFD64 /* LaunchScreen.storyboard in Resources */ = {isa = PBXBuildFile; fileRef = B2019CFB259A2B2F00CCFD64 /* LaunchScreen.storyboard */; };
		B210A552260A244A0032A8A7 /* SeasonTableViewCell.swift in Sources */ = {isa = PBXBuildFile; fileRef = B210A550260A244A0032A8A7 /* SeasonTableViewCell.swift */; };
		B210A553260A244A0032A8A7 /* SeasonTableViewCell.xib in Resources */ = {isa = PBXBuildFile; fileRef = B210A551260A244A0032A8A7 /* SeasonTableViewCell.xib */; };
		B2117D9125F84E4C003A703A /* ClothingItemCollectionViewCell.swift in Sources */ = {isa = PBXBuildFile; fileRef = B2117D8F25F84E4C003A703A /* ClothingItemCollectionViewCell.swift */; };
		B2117D9225F84E4C003A703A /* ClothingItemCollectionViewCell.xib in Resources */ = {isa = PBXBuildFile; fileRef = B2117D9025F84E4C003A703A /* ClothingItemCollectionViewCell.xib */; };
		B219F3B525ACA0FA0025CF4E /* AddDetailsTableViewCell.swift in Sources */ = {isa = PBXBuildFile; fileRef = B219F3B325ACA0FA0025CF4E /* AddDetailsTableViewCell.swift */; };
		B219F3B625ACA0FA0025CF4E /* AddDetailsTableViewCell.xib in Resources */ = {isa = PBXBuildFile; fileRef = B219F3B425ACA0FA0025CF4E /* AddDetailsTableViewCell.xib */; };
		B219F3BA25ACC3A60025CF4E /* ImageTableViewCell.swift in Sources */ = {isa = PBXBuildFile; fileRef = B219F3B825ACC3A60025CF4E /* ImageTableViewCell.swift */; };
		B219F3BB25ACC3A60025CF4E /* ImageTableViewCell.xib in Resources */ = {isa = PBXBuildFile; fileRef = B219F3B925ACC3A60025CF4E /* ImageTableViewCell.xib */; };
		B21C7F1026176B1400006396 /* DefaultHeaderTableViewCell.swift in Sources */ = {isa = PBXBuildFile; fileRef = B21C7F0E26176B1400006396 /* DefaultHeaderTableViewCell.swift */; };
		B21C7F1126176B1400006396 /* DefaultHeaderTableViewCell.xib in Resources */ = {isa = PBXBuildFile; fileRef = B21C7F0F26176B1400006396 /* DefaultHeaderTableViewCell.xib */; };
		B22D445C25EDBD8E00528E09 /* MyConstants.swift in Sources */ = {isa = PBXBuildFile; fileRef = B22D445B25EDBD8E00528E09 /* MyConstants.swift */; };
		B25F1F572602416D000F4342 /* RadioButton.swift in Sources */ = {isa = PBXBuildFile; fileRef = B25F1F562602416D000F4342 /* RadioButton.swift */; };
		B26D924125D2DCD4006F3A8F /* WeatherModel.swift in Sources */ = {isa = PBXBuildFile; fileRef = B26D924025D2DCD4006F3A8F /* WeatherModel.swift */; };
		B26D924525D42EBD006F3A8F /* HeaderTableViewCell.swift in Sources */ = {isa = PBXBuildFile; fileRef = B26D924325D42EBD006F3A8F /* HeaderTableViewCell.swift */; };
		B26D924625D42EBD006F3A8F /* HeaderTableViewCell.xib in Resources */ = {isa = PBXBuildFile; fileRef = B26D924425D42EBD006F3A8F /* HeaderTableViewCell.xib */; };
		B26D924A25D5A0C9006F3A8F /* Constants.swift in Sources */ = {isa = PBXBuildFile; fileRef = B26D924925D5A0C9006F3A8F /* Constants.swift */; };
		B26D925425D6D414006F3A8F /* MapViewController.swift in Sources */ = {isa = PBXBuildFile; fileRef = B26D925325D6D414006F3A8F /* MapViewController.swift */; };
		B26D925725D70E6F006F3A8F /* LocationMarker.swift in Sources */ = {isa = PBXBuildFile; fileRef = B26D925625D70E6F006F3A8F /* LocationMarker.swift */; };
		B2774E3C25FFB1C6005674E9 /* CategoryTableViewCell.swift in Sources */ = {isa = PBXBuildFile; fileRef = B2774E3A25FFB1C6005674E9 /* CategoryTableViewCell.swift */; };
		B2774E3D25FFB1C6005674E9 /* CategoryTableViewCell.xib in Resources */ = {isa = PBXBuildFile; fileRef = B2774E3B25FFB1C6005674E9 /* CategoryTableViewCell.xib */; };
		B28A0267259BC3B400FA1B33 /* WeatherViewController.swift in Sources */ = {isa = PBXBuildFile; fileRef = B28A0266259BC3B400FA1B33 /* WeatherViewController.swift */; };
		B28A026A259BC3D600FA1B33 /* ClothesViewController.swift in Sources */ = {isa = PBXBuildFile; fileRef = B28A0269259BC3D600FA1B33 /* ClothesViewController.swift */; };
		B28B543E25A8B4D2008331E7 /* AddItemTableViewController.swift in Sources */ = {isa = PBXBuildFile; fileRef = B28B543D25A8B4D2008331E7 /* AddItemTableViewController.swift */; };
		B2B1FE6225A36B7D005E285C /* ClothingCollectionViewCell.swift in Sources */ = {isa = PBXBuildFile; fileRef = B2B1FE6125A36B7D005E285C /* ClothingCollectionViewCell.swift */; };
		B2C499DC260B8B5200A81DA6 /* ClothingItem+CoreDataClass.swift in Sources */ = {isa = PBXBuildFile; fileRef = B2C499DA260B8B5200A81DA6 /* ClothingItem+CoreDataClass.swift */; };
		B2C499DD260B8B5200A81DA6 /* ClothingItem+CoreDataProperties.swift in Sources */ = {isa = PBXBuildFile; fileRef = B2C499DB260B8B5200A81DA6 /* ClothingItem+CoreDataProperties.swift */; };
		B2D9070827C12F1F007F5D61 /* WeatherWearTests.swift in Sources */ = {isa = PBXBuildFile; fileRef = B2D9070727C12F1F007F5D61 /* WeatherWearTests.swift */; };
		B2D9070F27C1331B007F5D61 /* WeatherDataTest.swift in Sources */ = {isa = PBXBuildFile; fileRef = B2D9070E27C1331B007F5D61 /* WeatherDataTest.swift */; };
		B2D9071227C18212007F5D61 /* weather.json in Resources */ = {isa = PBXBuildFile; fileRef = B2D9071127C18212007F5D61 /* weather.json */; };
		B2FAA52725F7FFEA004F4415 /* ClothingSuggestionsTableViewController.swift in Sources */ = {isa = PBXBuildFile; fileRef = B2FAA52625F7FFEA004F4415 /* ClothingSuggestionsTableViewController.swift */; };
		B2FAA52B25F806AE004F4415 /* ClothingCollectionTableViewCell.swift in Sources */ = {isa = PBXBuildFile; fileRef = B2FAA52925F806AE004F4415 /* ClothingCollectionTableViewCell.swift */; };
		B2FAA52C25F806AE004F4415 /* ClothingCollectionTableViewCell.xib in Resources */ = {isa = PBXBuildFile; fileRef = B2FAA52A25F806AE004F4415 /* ClothingCollectionTableViewCell.xib */; };
		B2FD6A6625F14EB500656318 /* WeatherDayTableViewCell.swift in Sources */ = {isa = PBXBuildFile; fileRef = B2FD6A6425F14EB500656318 /* WeatherDayTableViewCell.swift */; };
		B2FD6A6725F14EB500656318 /* WeatherDayTableViewCell.xib in Resources */ = {isa = PBXBuildFile; fileRef = B2FD6A6525F14EB500656318 /* WeatherDayTableViewCell.xib */; };
/* End PBXBuildFile section */

/* Begin PBXContainerItemProxy section */
		B2D9070927C12F1F007F5D61 /* PBXContainerItemProxy */ = {
			isa = PBXContainerItemProxy;
			containerPortal = B2019CE2259A2B2E00CCFD64 /* Project object */;
			proxyType = 1;
			remoteGlobalIDString = B2019CE9259A2B2E00CCFD64;
			remoteInfo = WeatherWear;
		};
/* End PBXContainerItemProxy section */

/* Begin PBXFileReference section */
		B2019CEA259A2B2E00CCFD64 /* WeatherWear.app */ = {isa = PBXFileReference; explicitFileType = wrapper.application; includeInIndex = 0; path = WeatherWear.app; sourceTree = BUILT_PRODUCTS_DIR; };
		B2019CED259A2B2E00CCFD64 /* AppDelegate.swift */ = {isa = PBXFileReference; lastKnownFileType = sourcecode.swift; path = AppDelegate.swift; sourceTree = "<group>"; };
		B2019CEF259A2B2E00CCFD64 /* SceneDelegate.swift */ = {isa = PBXFileReference; lastKnownFileType = sourcecode.swift; path = SceneDelegate.swift; sourceTree = "<group>"; };
		B2019CF4259A2B2E00CCFD64 /* Base */ = {isa = PBXFileReference; lastKnownFileType = file.storyboard; name = Base; path = Base.lproj/Main.storyboard; sourceTree = "<group>"; };
		B2019CF7259A2B2E00CCFD64 /* WeatherWear.xcdatamodel */ = {isa = PBXFileReference; lastKnownFileType = wrapper.xcdatamodel; path = WeatherWear.xcdatamodel; sourceTree = "<group>"; };
		B2019CF9259A2B2F00CCFD64 /* Assets.xcassets */ = {isa = PBXFileReference; lastKnownFileType = folder.assetcatalog; path = Assets.xcassets; sourceTree = "<group>"; };
		B2019CFC259A2B2F00CCFD64 /* Base */ = {isa = PBXFileReference; lastKnownFileType = file.storyboard; name = Base; path = Base.lproj/LaunchScreen.storyboard; sourceTree = "<group>"; };
		B2019CFE259A2B2F00CCFD64 /* Info.plist */ = {isa = PBXFileReference; lastKnownFileType = text.plist.xml; path = Info.plist; sourceTree = "<group>"; };
		B210A550260A244A0032A8A7 /* SeasonTableViewCell.swift */ = {isa = PBXFileReference; lastKnownFileType = sourcecode.swift; path = SeasonTableViewCell.swift; sourceTree = "<group>"; };
		B210A551260A244A0032A8A7 /* SeasonTableViewCell.xib */ = {isa = PBXFileReference; lastKnownFileType = file.xib; path = SeasonTableViewCell.xib; sourceTree = "<group>"; };
		B2117D8F25F84E4C003A703A /* ClothingItemCollectionViewCell.swift */ = {isa = PBXFileReference; lastKnownFileType = sourcecode.swift; path = ClothingItemCollectionViewCell.swift; sourceTree = "<group>"; };
		B2117D9025F84E4C003A703A /* ClothingItemCollectionViewCell.xib */ = {isa = PBXFileReference; lastKnownFileType = file.xib; path = ClothingItemCollectionViewCell.xib; sourceTree = "<group>"; };
		B219F3B325ACA0FA0025CF4E /* AddDetailsTableViewCell.swift */ = {isa = PBXFileReference; lastKnownFileType = sourcecode.swift; path = AddDetailsTableViewCell.swift; sourceTree = "<group>"; };
		B219F3B425ACA0FA0025CF4E /* AddDetailsTableViewCell.xib */ = {isa = PBXFileReference; lastKnownFileType = file.xib; path = AddDetailsTableViewCell.xib; sourceTree = "<group>"; };
		B219F3B825ACC3A60025CF4E /* ImageTableViewCell.swift */ = {isa = PBXFileReference; lastKnownFileType = sourcecode.swift; path = ImageTableViewCell.swift; sourceTree = "<group>"; };
		B219F3B925ACC3A60025CF4E /* ImageTableViewCell.xib */ = {isa = PBXFileReference; lastKnownFileType = file.xib; path = ImageTableViewCell.xib; sourceTree = "<group>"; };
		B21C7F0E26176B1400006396 /* DefaultHeaderTableViewCell.swift */ = {isa = PBXFileReference; lastKnownFileType = sourcecode.swift; path = DefaultHeaderTableViewCell.swift; sourceTree = "<group>"; };
		B21C7F0F26176B1400006396 /* DefaultHeaderTableViewCell.xib */ = {isa = PBXFileReference; lastKnownFileType = file.xib; path = DefaultHeaderTableViewCell.xib; sourceTree = "<group>"; };
		B22D445B25EDBD8E00528E09 /* MyConstants.swift */ = {isa = PBXFileReference; lastKnownFileType = sourcecode.swift; path = MyConstants.swift; sourceTree = "<group>"; };
		B25F1F562602416D000F4342 /* RadioButton.swift */ = {isa = PBXFileReference; lastKnownFileType = sourcecode.swift; path = RadioButton.swift; sourceTree = "<group>"; };
		B26D924025D2DCD4006F3A8F /* WeatherModel.swift */ = {isa = PBXFileReference; lastKnownFileType = sourcecode.swift; path = WeatherModel.swift; sourceTree = "<group>"; };
		B26D924325D42EBD006F3A8F /* HeaderTableViewCell.swift */ = {isa = PBXFileReference; lastKnownFileType = sourcecode.swift; path = HeaderTableViewCell.swift; sourceTree = "<group>"; };
		B26D924425D42EBD006F3A8F /* HeaderTableViewCell.xib */ = {isa = PBXFileReference; lastKnownFileType = file.xib; path = HeaderTableViewCell.xib; sourceTree = "<group>"; };
		B26D924925D5A0C9006F3A8F /* Constants.swift */ = {isa = PBXFileReference; lastKnownFileType = sourcecode.swift; path = Constants.swift; sourceTree = "<group>"; };
		B26D925325D6D414006F3A8F /* MapViewController.swift */ = {isa = PBXFileReference; lastKnownFileType = sourcecode.swift; path = MapViewController.swift; sourceTree = "<group>"; };
		B26D925625D70E6F006F3A8F /* LocationMarker.swift */ = {isa = PBXFileReference; lastKnownFileType = sourcecode.swift; path = LocationMarker.swift; sourceTree = "<group>"; };
		B2774E3A25FFB1C6005674E9 /* CategoryTableViewCell.swift */ = {isa = PBXFileReference; lastKnownFileType = sourcecode.swift; path = CategoryTableViewCell.swift; sourceTree = "<group>"; };
		B2774E3B25FFB1C6005674E9 /* CategoryTableViewCell.xib */ = {isa = PBXFileReference; lastKnownFileType = file.xib; path = CategoryTableViewCell.xib; sourceTree = "<group>"; };
		B28A0266259BC3B400FA1B33 /* WeatherViewController.swift */ = {isa = PBXFileReference; lastKnownFileType = sourcecode.swift; path = WeatherViewController.swift; sourceTree = "<group>"; };
		B28A0269259BC3D600FA1B33 /* ClothesViewController.swift */ = {isa = PBXFileReference; lastKnownFileType = sourcecode.swift; path = ClothesViewController.swift; sourceTree = "<group>"; };
		B28B543D25A8B4D2008331E7 /* AddItemTableViewController.swift */ = {isa = PBXFileReference; lastKnownFileType = sourcecode.swift; path = AddItemTableViewController.swift; sourceTree = "<group>"; };
		B2B1FE6125A36B7D005E285C /* ClothingCollectionViewCell.swift */ = {isa = PBXFileReference; lastKnownFileType = sourcecode.swift; path = ClothingCollectionViewCell.swift; sourceTree = "<group>"; };
		B2C499DA260B8B5200A81DA6 /* ClothingItem+CoreDataClass.swift */ = {isa = PBXFileReference; lastKnownFileType = sourcecode.swift; path = "ClothingItem+CoreDataClass.swift"; sourceTree = "<group>"; };
		B2C499DB260B8B5200A81DA6 /* ClothingItem+CoreDataProperties.swift */ = {isa = PBXFileReference; lastKnownFileType = sourcecode.swift; path = "ClothingItem+CoreDataProperties.swift"; sourceTree = "<group>"; };
		B2D9070527C12F1F007F5D61 /* WeatherWearTests.xctest */ = {isa = PBXFileReference; explicitFileType = wrapper.cfbundle; includeInIndex = 0; path = WeatherWearTests.xctest; sourceTree = BUILT_PRODUCTS_DIR; };
		B2D9070727C12F1F007F5D61 /* WeatherWearTests.swift */ = {isa = PBXFileReference; lastKnownFileType = sourcecode.swift; path = WeatherWearTests.swift; sourceTree = "<group>"; };
		B2D9070E27C1331B007F5D61 /* WeatherDataTest.swift */ = {isa = PBXFileReference; lastKnownFileType = sourcecode.swift; path = WeatherDataTest.swift; sourceTree = "<group>"; };
		B2D9071127C18212007F5D61 /* weather.json */ = {isa = PBXFileReference; lastKnownFileType = text.json; path = weather.json; sourceTree = "<group>"; };
		B2FAA52625F7FFEA004F4415 /* ClothingSuggestionsTableViewController.swift */ = {isa = PBXFileReference; lastKnownFileType = sourcecode.swift; path = ClothingSuggestionsTableViewController.swift; sourceTree = "<group>"; };
		B2FAA52925F806AE004F4415 /* ClothingCollectionTableViewCell.swift */ = {isa = PBXFileReference; lastKnownFileType = sourcecode.swift; path = ClothingCollectionTableViewCell.swift; sourceTree = "<group>"; };
		B2FAA52A25F806AE004F4415 /* ClothingCollectionTableViewCell.xib */ = {isa = PBXFileReference; lastKnownFileType = file.xib; path = ClothingCollectionTableViewCell.xib; sourceTree = "<group>"; };
		B2FD6A6425F14EB500656318 /* WeatherDayTableViewCell.swift */ = {isa = PBXFileReference; lastKnownFileType = sourcecode.swift; path = WeatherDayTableViewCell.swift; sourceTree = "<group>"; };
		B2FD6A6525F14EB500656318 /* WeatherDayTableViewCell.xib */ = {isa = PBXFileReference; lastKnownFileType = file.xib; path = WeatherDayTableViewCell.xib; sourceTree = "<group>"; };
/* End PBXFileReference section */

/* Begin PBXFrameworksBuildPhase section */
		B2019CE7259A2B2E00CCFD64 /* Frameworks */ = {
			isa = PBXFrameworksBuildPhase;
			buildActionMask = 2147483647;
			files = (
			);
			runOnlyForDeploymentPostprocessing = 0;
		};
		B2D9070227C12F1F007F5D61 /* Frameworks */ = {
			isa = PBXFrameworksBuildPhase;
			buildActionMask = 2147483647;
			files = (
			);
			runOnlyForDeploymentPostprocessing = 0;
		};
/* End PBXFrameworksBuildPhase section */

/* Begin PBXGroup section */
		B2019CE1259A2B2E00CCFD64 = {
			isa = PBXGroup;
			children = (
				B2019CEC259A2B2E00CCFD64 /* WeatherWear */,
				B2D9070627C12F1F007F5D61 /* WeatherWearTests */,
				B2019CEB259A2B2E00CCFD64 /* Products */,
			);
			sourceTree = "<group>";
		};
		B2019CEB259A2B2E00CCFD64 /* Products */ = {
			isa = PBXGroup;
			children = (
				B2019CEA259A2B2E00CCFD64 /* WeatherWear.app */,
				B2D9070527C12F1F007F5D61 /* WeatherWearTests.xctest */,
			);
			name = Products;
			sourceTree = "<group>";
		};
		B2019CEC259A2B2E00CCFD64 /* WeatherWear */ = {
			isa = PBXGroup;
			children = (
				B26D924825D5A0B6006F3A8F /* Utilities */,
				B2940E83259A2F0E0066C06A /* Resources */,
				B2940E81259A2EDB0066C06A /* Views */,
				B2019D06259A2E2700CCFD64 /* Controllers */,
				B2019D05259A2E1800CCFD64 /* Models */,
				B2019CF9259A2B2F00CCFD64 /* Assets.xcassets */,
				B2019CFE259A2B2F00CCFD64 /* Info.plist */,
				B2019CF6259A2B2E00CCFD64 /* WeatherWear.xcdatamodeld */,
			);
			path = WeatherWear;
			sourceTree = "<group>";
		};
		B2019D05259A2E1800CCFD64 /* Models */ = {
			isa = PBXGroup;
			children = (
				B2C499DA260B8B5200A81DA6 /* ClothingItem+CoreDataClass.swift */,
				B2C499DB260B8B5200A81DA6 /* ClothingItem+CoreDataProperties.swift */,
				B26D924025D2DCD4006F3A8F /* WeatherModel.swift */,
			);
			path = Models;
			sourceTree = "<group>";
		};
		B2019D06259A2E2700CCFD64 /* Controllers */ = {
			isa = PBXGroup;
			children = (
				B23A467C25CD9158001BC7C4 /* Weather VCs */,
				B23A467B25CD9125001BC7C4 /* Clothing VCs */,
			);
			path = Controllers;
			sourceTree = "<group>";
		};
		B2117D9625F90B4F003A703A /* TableCell */ = {
			isa = PBXGroup;
			children = (
				B2FAA52925F806AE004F4415 /* ClothingCollectionTableViewCell.swift */,
				B2FAA52A25F806AE004F4415 /* ClothingCollectionTableViewCell.xib */,
			);
			path = TableCell;
			sourceTree = "<group>";
		};
		B2117D9725F90B58003A703A /* CollectionCell */ = {
			isa = PBXGroup;
			children = (
				B2117D8F25F84E4C003A703A /* ClothingItemCollectionViewCell.swift */,
				B2117D9025F84E4C003A703A /* ClothingItemCollectionViewCell.xib */,
			);
			path = CollectionCell;
			sourceTree = "<group>";
		};
		B23A467B25CD9125001BC7C4 /* Clothing VCs */ = {
			isa = PBXGroup;
			children = (
				B2774E3925FFB17C005674E9 /* TableViewCells */,
				B2774E3025FFAD2B005674E9 /* CustomButtons */,
				B28A0269259BC3D600FA1B33 /* ClothesViewController.swift */,
				B2B1FE6125A36B7D005E285C /* ClothingCollectionViewCell.swift */,
				B28B543D25A8B4D2008331E7 /* AddItemTableViewController.swift */,
			);
			path = "Clothing VCs";
			sourceTree = "<group>";
		};
		B23A467C25CD9158001BC7C4 /* Weather VCs */ = {
			isa = PBXGroup;
			children = (
				B2117D9725F90B58003A703A /* CollectionCell */,
				B2117D9625F90B4F003A703A /* TableCell */,
				B28A0266259BC3B400FA1B33 /* WeatherViewController.swift */,
				B2FD6A6425F14EB500656318 /* WeatherDayTableViewCell.swift */,
				B2FD6A6525F14EB500656318 /* WeatherDayTableViewCell.xib */,
				B26D925325D6D414006F3A8F /* MapViewController.swift */,
				B26D925625D70E6F006F3A8F /* LocationMarker.swift */,
				B2FAA52625F7FFEA004F4415 /* ClothingSuggestionsTableViewController.swift */,
				B21C7F0E26176B1400006396 /* DefaultHeaderTableViewCell.swift */,
				B21C7F0F26176B1400006396 /* DefaultHeaderTableViewCell.xib */,
				B26D924325D42EBD006F3A8F /* HeaderTableViewCell.swift */,
				B26D924425D42EBD006F3A8F /* HeaderTableViewCell.xib */,
			);
			path = "Weather VCs";
			sourceTree = "<group>";
		};
		B26D924825D5A0B6006F3A8F /* Utilities */ = {
			isa = PBXGroup;
			children = (
				B26D924925D5A0C9006F3A8F /* Constants.swift */,
				B22D445B25EDBD8E00528E09 /* MyConstants.swift */,
			);
			path = Utilities;
			sourceTree = "<group>";
		};
		B2774E3025FFAD2B005674E9 /* CustomButtons */ = {
			isa = PBXGroup;
			children = (
				B25F1F562602416D000F4342 /* RadioButton.swift */,
			);
			path = CustomButtons;
			sourceTree = "<group>";
		};
		B2774E3925FFB17C005674E9 /* TableViewCells */ = {
			isa = PBXGroup;
			children = (
				B219F3B325ACA0FA0025CF4E /* AddDetailsTableViewCell.swift */,
				B219F3B825ACC3A60025CF4E /* ImageTableViewCell.swift */,
				B219F3B925ACC3A60025CF4E /* ImageTableViewCell.xib */,
				B219F3B425ACA0FA0025CF4E /* AddDetailsTableViewCell.xib */,
				B2774E3A25FFB1C6005674E9 /* CategoryTableViewCell.swift */,
				B210A550260A244A0032A8A7 /* SeasonTableViewCell.swift */,
				B210A551260A244A0032A8A7 /* SeasonTableViewCell.xib */,
				B2774E3B25FFB1C6005674E9 /* CategoryTableViewCell.xib */,
			);
			path = TableViewCells;
			sourceTree = "<group>";
		};
		B2940E81259A2EDB0066C06A /* Views */ = {
			isa = PBXGroup;
			children = (
				B2940E82259A2EE90066C06A /* Storyboards */,
			);
			path = Views;
			sourceTree = "<group>";
		};
		B2940E82259A2EE90066C06A /* Storyboards */ = {
			isa = PBXGroup;
			children = (
				B2019CFB259A2B2F00CCFD64 /* LaunchScreen.storyboard */,
				B2019CF3259A2B2E00CCFD64 /* Main.storyboard */,
			);
			path = Storyboards;
			sourceTree = "<group>";
		};
		B2940E83259A2F0E0066C06A /* Resources */ = {
			isa = PBXGroup;
			children = (
				B2019CED259A2B2E00CCFD64 /* AppDelegate.swift */,
				B2019CEF259A2B2E00CCFD64 /* SceneDelegate.swift */,
			);
			path = Resources;
			sourceTree = "<group>";
		};
		B2D9070627C12F1F007F5D61 /* WeatherWearTests */ = {
			isa = PBXGroup;
			children = (
				B2D9071027C181D8007F5D61 /* Fixtures */,
				B2D9070727C12F1F007F5D61 /* WeatherWearTests.swift */,
				B2D9070E27C1331B007F5D61 /* WeatherDataTest.swift */,
			);
			path = WeatherWearTests;
			sourceTree = "<group>";
		};
		B2D9071027C181D8007F5D61 /* Fixtures */ = {
			isa = PBXGroup;
			children = (
				B2D9071127C18212007F5D61 /* weather.json */,
			);
			path = Fixtures;
			sourceTree = "<group>";
		};
/* End PBXGroup section */

/* Begin PBXNativeTarget section */
		B2019CE9259A2B2E00CCFD64 /* WeatherWear */ = {
			isa = PBXNativeTarget;
			buildConfigurationList = B2019D01259A2B2F00CCFD64 /* Build configuration list for PBXNativeTarget "WeatherWear" */;
			buildPhases = (
				B2019CE6259A2B2E00CCFD64 /* Sources */,
				B2019CE7259A2B2E00CCFD64 /* Frameworks */,
				B2019CE8259A2B2E00CCFD64 /* Resources */,
			);
			buildRules = (
			);
			dependencies = (
			);
			name = WeatherWear;
			productName = WeatherWear;
			productReference = B2019CEA259A2B2E00CCFD64 /* WeatherWear.app */;
			productType = "com.apple.product-type.application";
		};
		B2D9070427C12F1F007F5D61 /* WeatherWearTests */ = {
			isa = PBXNativeTarget;
			buildConfigurationList = B2D9070D27C12F1F007F5D61 /* Build configuration list for PBXNativeTarget "WeatherWearTests" */;
			buildPhases = (
				B2D9070127C12F1F007F5D61 /* Sources */,
				B2D9070227C12F1F007F5D61 /* Frameworks */,
				B2D9070327C12F1F007F5D61 /* Resources */,
			);
			buildRules = (
			);
			dependencies = (
				B2D9070A27C12F1F007F5D61 /* PBXTargetDependency */,
			);
			name = WeatherWearTests;
			productName = WeatherWearTests;
			productReference = B2D9070527C12F1F007F5D61 /* WeatherWearTests.xctest */;
			productType = "com.apple.product-type.bundle.unit-test";
		};
/* End PBXNativeTarget section */

/* Begin PBXProject section */
		B2019CE2259A2B2E00CCFD64 /* Project object */ = {
			isa = PBXProject;
			attributes = {
				LastSwiftUpdateCheck = 1320;
				LastUpgradeCheck = 1230;
				TargetAttributes = {
					B2019CE9259A2B2E00CCFD64 = {
						CreatedOnToolsVersion = 12.3;
					};
					B2D9070427C12F1F007F5D61 = {
						CreatedOnToolsVersion = 13.2.1;
						TestTargetID = B2019CE9259A2B2E00CCFD64;
					};
				};
			};
			buildConfigurationList = B2019CE5259A2B2E00CCFD64 /* Build configuration list for PBXProject "WeatherWear" */;
			compatibilityVersion = "Xcode 9.3";
			developmentRegion = en;
			hasScannedForEncodings = 0;
			knownRegions = (
				en,
				Base,
			);
			mainGroup = B2019CE1259A2B2E00CCFD64;
			productRefGroup = B2019CEB259A2B2E00CCFD64 /* Products */;
			projectDirPath = "";
			projectRoot = "";
			targets = (
				B2019CE9259A2B2E00CCFD64 /* WeatherWear */,
				B2D9070427C12F1F007F5D61 /* WeatherWearTests */,
			);
		};
/* End PBXProject section */

/* Begin PBXResourcesBuildPhase section */
		B2019CE8259A2B2E00CCFD64 /* Resources */ = {
			isa = PBXResourcesBuildPhase;
			buildActionMask = 2147483647;
			files = (
				B219F3BB25ACC3A60025CF4E /* ImageTableViewCell.xib in Resources */,
				B210A553260A244A0032A8A7 /* SeasonTableViewCell.xib in Resources */,
				B2774E3D25FFB1C6005674E9 /* CategoryTableViewCell.xib in Resources */,
				B2019CFD259A2B2F00CCFD64 /* LaunchScreen.storyboard in Resources */,
				B21C7F1126176B1400006396 /* DefaultHeaderTableViewCell.xib in Resources */,
				B2019CFA259A2B2F00CCFD64 /* Assets.xcassets in Resources */,
				B2117D9225F84E4C003A703A /* ClothingItemCollectionViewCell.xib in Resources */,
				B2FAA52C25F806AE004F4415 /* ClothingCollectionTableViewCell.xib in Resources */,
				B2FD6A6725F14EB500656318 /* WeatherDayTableViewCell.xib in Resources */,
				B219F3B625ACA0FA0025CF4E /* AddDetailsTableViewCell.xib in Resources */,
				B26D924625D42EBD006F3A8F /* HeaderTableViewCell.xib in Resources */,
				B2019CF5259A2B2E00CCFD64 /* Main.storyboard in Resources */,
			);
			runOnlyForDeploymentPostprocessing = 0;
		};
		B2D9070327C12F1F007F5D61 /* Resources */ = {
			isa = PBXResourcesBuildPhase;
			buildActionMask = 2147483647;
			files = (
				B2D9071227C18212007F5D61 /* weather.json in Resources */,
			);
			runOnlyForDeploymentPostprocessing = 0;
		};
/* End PBXResourcesBuildPhase section */

/* Begin PBXSourcesBuildPhase section */
		B2019CE6259A2B2E00CCFD64 /* Sources */ = {
			isa = PBXSourcesBuildPhase;
			buildActionMask = 2147483647;
			files = (
				B210A552260A244A0032A8A7 /* SeasonTableViewCell.swift in Sources */,
				B2B1FE6225A36B7D005E285C /* ClothingCollectionViewCell.swift in Sources */,
				B21C7F1026176B1400006396 /* DefaultHeaderTableViewCell.swift in Sources */,
				B22D445C25EDBD8E00528E09 /* MyConstants.swift in Sources */,
				B2774E3C25FFB1C6005674E9 /* CategoryTableViewCell.swift in Sources */,
				B26D925725D70E6F006F3A8F /* LocationMarker.swift in Sources */,
				B28A0267259BC3B400FA1B33 /* WeatherViewController.swift in Sources */,
				B219F3B525ACA0FA0025CF4E /* AddDetailsTableViewCell.swift in Sources */,
				B2C499DC260B8B5200A81DA6 /* ClothingItem+CoreDataClass.swift in Sources */,
				B2FAA52725F7FFEA004F4415 /* ClothingSuggestionsTableViewController.swift in Sources */,
				B2019CEE259A2B2E00CCFD64 /* AppDelegate.swift in Sources */,
				B2C499DD260B8B5200A81DA6 /* ClothingItem+CoreDataProperties.swift in Sources */,
				B2019CF0259A2B2E00CCFD64 /* SceneDelegate.swift in Sources */,
				B2117D9125F84E4C003A703A /* ClothingItemCollectionViewCell.swift in Sources */,
				B2019CF8259A2B2E00CCFD64 /* WeatherWear.xcdatamodeld in Sources */,
				B26D924525D42EBD006F3A8F /* HeaderTableViewCell.swift in Sources */,
				B219F3BA25ACC3A60025CF4E /* ImageTableViewCell.swift in Sources */,
				B28A026A259BC3D600FA1B33 /* ClothesViewController.swift in Sources */,
				B26D924A25D5A0C9006F3A8F /* Constants.swift in Sources */,
				B25F1F572602416D000F4342 /* RadioButton.swift in Sources */,
				B2FAA52B25F806AE004F4415 /* ClothingCollectionTableViewCell.swift in Sources */,
				B26D924125D2DCD4006F3A8F /* WeatherModel.swift in Sources */,
				B28B543E25A8B4D2008331E7 /* AddItemTableViewController.swift in Sources */,
				B26D925425D6D414006F3A8F /* MapViewController.swift in Sources */,
				B2FD6A6625F14EB500656318 /* WeatherDayTableViewCell.swift in Sources */,
			);
			runOnlyForDeploymentPostprocessing = 0;
		};
		B2D9070127C12F1F007F5D61 /* Sources */ = {
			isa = PBXSourcesBuildPhase;
			buildActionMask = 2147483647;
			files = (
				B2D9070F27C1331B007F5D61 /* WeatherDataTest.swift in Sources */,
				B2D9070827C12F1F007F5D61 /* WeatherWearTests.swift in Sources */,
			);
			runOnlyForDeploymentPostprocessing = 0;
		};
/* End PBXSourcesBuildPhase section */

/* Begin PBXTargetDependency section */
		B2D9070A27C12F1F007F5D61 /* PBXTargetDependency */ = {
			isa = PBXTargetDependency;
			target = B2019CE9259A2B2E00CCFD64 /* WeatherWear */;
			targetProxy = B2D9070927C12F1F007F5D61 /* PBXContainerItemProxy */;
		};
/* End PBXTargetDependency section */

/* Begin PBXVariantGroup section */
		B2019CF3259A2B2E00CCFD64 /* Main.storyboard */ = {
			isa = PBXVariantGroup;
			children = (
				B2019CF4259A2B2E00CCFD64 /* Base */,
			);
			name = Main.storyboard;
			sourceTree = "<group>";
		};
		B2019CFB259A2B2F00CCFD64 /* LaunchScreen.storyboard */ = {
			isa = PBXVariantGroup;
			children = (
				B2019CFC259A2B2F00CCFD64 /* Base */,
			);
			name = LaunchScreen.storyboard;
			sourceTree = "<group>";
		};
/* End PBXVariantGroup section */

/* Begin XCBuildConfiguration section */
		B2019CFF259A2B2F00CCFD64 /* Debug */ = {
			isa = XCBuildConfiguration;
			buildSettings = {
				ALWAYS_SEARCH_USER_PATHS = NO;
				CLANG_ANALYZER_NONNULL = YES;
				CLANG_ANALYZER_NUMBER_OBJECT_CONVERSION = YES_AGGRESSIVE;
				CLANG_CXX_LANGUAGE_STANDARD = "gnu++14";
				CLANG_CXX_LIBRARY = "libc++";
				CLANG_ENABLE_MODULES = YES;
				CLANG_ENABLE_OBJC_ARC = YES;
				CLANG_ENABLE_OBJC_WEAK = YES;
				CLANG_WARN_BLOCK_CAPTURE_AUTORELEASING = YES;
				CLANG_WARN_BOOL_CONVERSION = YES;
				CLANG_WARN_COMMA = YES;
				CLANG_WARN_CONSTANT_CONVERSION = YES;
				CLANG_WARN_DEPRECATED_OBJC_IMPLEMENTATIONS = YES;
				CLANG_WARN_DIRECT_OBJC_ISA_USAGE = YES_ERROR;
				CLANG_WARN_DOCUMENTATION_COMMENTS = YES;
				CLANG_WARN_EMPTY_BODY = YES;
				CLANG_WARN_ENUM_CONVERSION = YES;
				CLANG_WARN_INFINITE_RECURSION = YES;
				CLANG_WARN_INT_CONVERSION = YES;
				CLANG_WARN_NON_LITERAL_NULL_CONVERSION = YES;
				CLANG_WARN_OBJC_IMPLICIT_RETAIN_SELF = YES;
				CLANG_WARN_OBJC_LITERAL_CONVERSION = YES;
				CLANG_WARN_OBJC_ROOT_CLASS = YES_ERROR;
				CLANG_WARN_QUOTED_INCLUDE_IN_FRAMEWORK_HEADER = YES;
				CLANG_WARN_RANGE_LOOP_ANALYSIS = YES;
				CLANG_WARN_STRICT_PROTOTYPES = YES;
				CLANG_WARN_SUSPICIOUS_MOVE = YES;
				CLANG_WARN_UNGUARDED_AVAILABILITY = YES_AGGRESSIVE;
				CLANG_WARN_UNREACHABLE_CODE = YES;
				CLANG_WARN__DUPLICATE_METHOD_MATCH = YES;
				COPY_PHASE_STRIP = NO;
				DEBUG_INFORMATION_FORMAT = dwarf;
				ENABLE_STRICT_OBJC_MSGSEND = YES;
				ENABLE_TESTABILITY = YES;
				GCC_C_LANGUAGE_STANDARD = gnu11;
				GCC_DYNAMIC_NO_PIC = NO;
				GCC_NO_COMMON_BLOCKS = YES;
				GCC_OPTIMIZATION_LEVEL = 0;
				GCC_PREPROCESSOR_DEFINITIONS = (
					"DEBUG=1",
					"$(inherited)",
				);
				GCC_WARN_64_TO_32_BIT_CONVERSION = YES;
				GCC_WARN_ABOUT_RETURN_TYPE = YES_ERROR;
				GCC_WARN_UNDECLARED_SELECTOR = YES;
				GCC_WARN_UNINITIALIZED_AUTOS = YES_AGGRESSIVE;
				GCC_WARN_UNUSED_FUNCTION = YES;
				GCC_WARN_UNUSED_VARIABLE = YES;
				IPHONEOS_DEPLOYMENT_TARGET = 14.3;
				MTL_ENABLE_DEBUG_INFO = INCLUDE_SOURCE;
				MTL_FAST_MATH = YES;
				ONLY_ACTIVE_ARCH = YES;
				SDKROOT = iphoneos;
				SWIFT_ACTIVE_COMPILATION_CONDITIONS = DEBUG;
				SWIFT_OPTIMIZATION_LEVEL = "-Onone";
			};
			name = Debug;
		};
		B2019D00259A2B2F00CCFD64 /* Release */ = {
			isa = XCBuildConfiguration;
			buildSettings = {
				ALWAYS_SEARCH_USER_PATHS = NO;
				CLANG_ANALYZER_NONNULL = YES;
				CLANG_ANALYZER_NUMBER_OBJECT_CONVERSION = YES_AGGRESSIVE;
				CLANG_CXX_LANGUAGE_STANDARD = "gnu++14";
				CLANG_CXX_LIBRARY = "libc++";
				CLANG_ENABLE_MODULES = YES;
				CLANG_ENABLE_OBJC_ARC = YES;
				CLANG_ENABLE_OBJC_WEAK = YES;
				CLANG_WARN_BLOCK_CAPTURE_AUTORELEASING = YES;
				CLANG_WARN_BOOL_CONVERSION = YES;
				CLANG_WARN_COMMA = YES;
				CLANG_WARN_CONSTANT_CONVERSION = YES;
				CLANG_WARN_DEPRECATED_OBJC_IMPLEMENTATIONS = YES;
				CLANG_WARN_DIRECT_OBJC_ISA_USAGE = YES_ERROR;
				CLANG_WARN_DOCUMENTATION_COMMENTS = YES;
				CLANG_WARN_EMPTY_BODY = YES;
				CLANG_WARN_ENUM_CONVERSION = YES;
				CLANG_WARN_INFINITE_RECURSION = YES;
				CLANG_WARN_INT_CONVERSION = YES;
				CLANG_WARN_NON_LITERAL_NULL_CONVERSION = YES;
				CLANG_WARN_OBJC_IMPLICIT_RETAIN_SELF = YES;
				CLANG_WARN_OBJC_LITERAL_CONVERSION = YES;
				CLANG_WARN_OBJC_ROOT_CLASS = YES_ERROR;
				CLANG_WARN_QUOTED_INCLUDE_IN_FRAMEWORK_HEADER = YES;
				CLANG_WARN_RANGE_LOOP_ANALYSIS = YES;
				CLANG_WARN_STRICT_PROTOTYPES = YES;
				CLANG_WARN_SUSPICIOUS_MOVE = YES;
				CLANG_WARN_UNGUARDED_AVAILABILITY = YES_AGGRESSIVE;
				CLANG_WARN_UNREACHABLE_CODE = YES;
				CLANG_WARN__DUPLICATE_METHOD_MATCH = YES;
				COPY_PHASE_STRIP = NO;
				DEBUG_INFORMATION_FORMAT = "dwarf-with-dsym";
				ENABLE_NS_ASSERTIONS = NO;
				ENABLE_STRICT_OBJC_MSGSEND = YES;
				GCC_C_LANGUAGE_STANDARD = gnu11;
				GCC_NO_COMMON_BLOCKS = YES;
				GCC_WARN_64_TO_32_BIT_CONVERSION = YES;
				GCC_WARN_ABOUT_RETURN_TYPE = YES_ERROR;
				GCC_WARN_UNDECLARED_SELECTOR = YES;
				GCC_WARN_UNINITIALIZED_AUTOS = YES_AGGRESSIVE;
				GCC_WARN_UNUSED_FUNCTION = YES;
				GCC_WARN_UNUSED_VARIABLE = YES;
				IPHONEOS_DEPLOYMENT_TARGET = 14.3;
				MTL_ENABLE_DEBUG_INFO = NO;
				MTL_FAST_MATH = YES;
				SDKROOT = iphoneos;
				SWIFT_COMPILATION_MODE = wholemodule;
				SWIFT_OPTIMIZATION_LEVEL = "-O";
				VALIDATE_PRODUCT = YES;
			};
			name = Release;
		};
		B2019D02259A2B2F00CCFD64 /* Debug */ = {
			isa = XCBuildConfiguration;
			buildSettings = {
				ASSETCATALOG_COMPILER_APPICON_NAME = AppIcon;
				ASSETCATALOG_COMPILER_GLOBAL_ACCENT_COLOR_NAME = AccentColor;
				CODE_SIGN_STYLE = Automatic;
				DEVELOPMENT_TEAM = LVUJURGN29;
				INFOPLIST_FILE = WeatherWear/Info.plist;
				LD_RUNPATH_SEARCH_PATHS = (
					"$(inherited)",
					"@executable_path/Frameworks",
				);
				PRODUCT_BUNDLE_IDENTIFIER = com.elliottkung.WeatherWear;
				PRODUCT_NAME = "$(TARGET_NAME)";
				SWIFT_VERSION = 5.0;
				TARGETED_DEVICE_FAMILY = 1;
			};
			name = Debug;
		};
		B2019D03259A2B2F00CCFD64 /* Release */ = {
			isa = XCBuildConfiguration;
			buildSettings = {
				ASSETCATALOG_COMPILER_APPICON_NAME = AppIcon;
				ASSETCATALOG_COMPILER_GLOBAL_ACCENT_COLOR_NAME = AccentColor;
				CODE_SIGN_STYLE = Automatic;
				DEVELOPMENT_TEAM = LVUJURGN29;
				INFOPLIST_FILE = WeatherWear/Info.plist;
				LD_RUNPATH_SEARCH_PATHS = (
					"$(inherited)",
					"@executable_path/Frameworks",
				);
				PRODUCT_BUNDLE_IDENTIFIER = com.elliottkung.WeatherWear;
				PRODUCT_NAME = "$(TARGET_NAME)";
				SWIFT_VERSION = 5.0;
				TARGETED_DEVICE_FAMILY = 1;
			};
			name = Release;
		};
		B2D9070B27C12F1F007F5D61 /* Debug */ = {
			isa = XCBuildConfiguration;
			buildSettings = {
				BUNDLE_LOADER = "$(TEST_HOST)";
				CLANG_CXX_LANGUAGE_STANDARD = "gnu++17";
				CODE_SIGN_STYLE = Automatic;
				CURRENT_PROJECT_VERSION = 1;
				DEVELOPMENT_TEAM = LVUJURGN29;
				GENERATE_INFOPLIST_FILE = YES;
				IPHONEOS_DEPLOYMENT_TARGET = 15.2;
				MARKETING_VERSION = 1.0;
				PRODUCT_BUNDLE_IDENTIFIER = com.elliottkung.sample.WeatherWearTests;
				PRODUCT_NAME = "$(TARGET_NAME)";
				SWIFT_EMIT_LOC_STRINGS = NO;
				SWIFT_VERSION = 5.0;
				TARGETED_DEVICE_FAMILY = "1,2";
				TEST_HOST = "$(BUILT_PRODUCTS_DIR)/WeatherWear.app/WeatherWear";
			};
			name = Debug;
		};
		B2D9070C27C12F1F007F5D61 /* Release */ = {
			isa = XCBuildConfiguration;
			buildSettings = {
				BUNDLE_LOADER = "$(TEST_HOST)";
				CLANG_CXX_LANGUAGE_STANDARD = "gnu++17";
				CODE_SIGN_STYLE = Automatic;
				CURRENT_PROJECT_VERSION = 1;
				DEVELOPMENT_TEAM = LVUJURGN29;
				GENERATE_INFOPLIST_FILE = YES;
				IPHONEOS_DEPLOYMENT_TARGET = 15.2;
				MARKETING_VERSION = 1.0;
				PRODUCT_BUNDLE_IDENTIFIER = com.elliottkung.sample.WeatherWearTests;
				PRODUCT_NAME = "$(TARGET_NAME)";
				SWIFT_EMIT_LOC_STRINGS = NO;
				SWIFT_VERSION = 5.0;
				TARGETED_DEVICE_FAMILY = "1,2";
				TEST_HOST = "$(BUILT_PRODUCTS_DIR)/WeatherWear.app/WeatherWear";
			};
			name = Release;
		};
/* End XCBuildConfiguration section */

/* Begin XCConfigurationList section */
		B2019CE5259A2B2E00CCFD64 /* Build configuration list for PBXProject "WeatherWear" */ = {
			isa = XCConfigurationList;
			buildConfigurations = (
				B2019CFF259A2B2F00CCFD64 /* Debug */,
				B2019D00259A2B2F00CCFD64 /* Release */,
			);
			defaultConfigurationIsVisible = 0;
			defaultConfigurationName = Release;
		};
		B2019D01259A2B2F00CCFD64 /* Build configuration list for PBXNativeTarget "WeatherWear" */ = {
			isa = XCConfigurationList;
			buildConfigurations = (
				B2019D02259A2B2F00CCFD64 /* Debug */,
				B2019D03259A2B2F00CCFD64 /* Release */,
			);
			defaultConfigurationIsVisible = 0;
			defaultConfigurationName = Release;
		};
		B2D9070D27C12F1F007F5D61 /* Build configuration list for PBXNativeTarget "WeatherWearTests" */ = {
			isa = XCConfigurationList;
			buildConfigurations = (
				B2D9070B27C12F1F007F5D61 /* Debug */,
				B2D9070C27C12F1F007F5D61 /* Release */,
			);
			defaultConfigurationIsVisible = 0;
			defaultConfigurationName = Release;
		};
/* End XCConfigurationList section */

/* Begin XCVersionGroup section */
		B2019CF6259A2B2E00CCFD64 /* WeatherWear.xcdatamodeld */ = {
			isa = XCVersionGroup;
			children = (
				B2019CF7259A2B2E00CCFD64 /* WeatherWear.xcdatamodel */,
			);
			currentVersion = B2019CF7259A2B2E00CCFD64 /* WeatherWear.xcdatamodel */;
			path = WeatherWear.xcdatamodeld;
			sourceTree = "<group>";
			versionGroupType = wrapper.xcdatamodel;
		};
/* End XCVersionGroup section */
	};
	rootObject = B2019CE2259A2B2E00CCFD64 /* Project object */;
}
